
Microsoft Visual Studio Solution File, Format Version 12.00
# Visual Studio Version 17
VisualStudioVersion = 17.10.34916.146
MinimumVisualStudioVersion = 10.0.40219.1
Project("{FAE04EC0-301F-11D3-BF4B-00C04F79EFBC}") = "GitTestProject", "GitTestProject\GitTestProject.csproj", "{83BD3462-EBC6-4C1F-8C31-CC3458E11943}"
EndProject
Global
	GlobalSection(SolutionConfigurationPlatforms) = preSolution
		Debug|Any CPU = Debug|Any CPU
		Release|Any CPU = Release|Any CPU
	EndGlobalSection
	GlobalSection(ProjectConfigurationPlatforms) = postSolution
		{83BD3462-EBC6-4C1F-8C31-CC3458E11943}.Debug|Any CPU.ActiveCfg = Debug|Any CPU
		{83BD3462-EBC6-4C1F-8C31-CC3458E11943}.Debug|Any CPU.Build.0 = Debug|Any CPU
		{83BD3462-EBC6-4C1F-8C31-CC3458E11943}.Release|Any CPU.ActiveCfg = Release|Any CPU
		{83BD3462-EBC6-4C1F-8C31-CC3458E11943}.Release|Any CPU.Build.0 = Release|Any CPU
	EndGlobalSection
	GlobalSection(SolutionProperties) = preSolution
		HideSolutionNode = FALSE
	EndGlobalSection
	GlobalSection(ExtensibilityGlobals) = postSolution
		SolutionGuid = {86DD8A36-24FE-46D4-8C11-F07177AB0BAB}
	EndGlobalSection
EndGlobal
